
Microsoft Visual Studio Solution File, Format Version 12.00
# Visual Studio Version 16
VisualStudioVersion = 16.0.32002.261
MinimumVisualStudioVersion = 10.0.40219.1
Project("{9A19103F-16F7-4668-BE54-9A1E7A4F7556}") = "LoanApplications.API", "LoanApplications.API\LoanApplications.API.csproj", "{BB595638-2B85-4FEE-966A-918BA35F666D}"
EndProject
Project("{9A19103F-16F7-4668-BE54-9A1E7A4F7556}") = "LoanApplications.Web", "LoanApplications\LoanApplications.Web.csproj", "{80289223-21F1-4A75-A425-1B321C94F2E8}"
EndProject
Project("{9A19103F-16F7-4668-BE54-9A1E7A4F7556}") = "LoanApplications.Shared", "LoanApplications.Shared\LoanApplications.Shared.csproj", "{153A971C-AD91-4871-B345-AAEB0326A666}"
EndProject
Global
	GlobalSection(SolutionConfigurationPlatforms) = preSolution
		Debug|Any CPU = Debug|Any CPU
		Release|Any CPU = Release|Any CPU
	EndGlobalSection
	GlobalSection(ProjectConfigurationPlatforms) = postSolution
		{BB595638-2B85-4FEE-966A-918BA35F666D}.Debug|Any CPU.ActiveCfg = Debug|Any CPU
		{BB595638-2B85-4FEE-966A-918BA35F666D}.Debug|Any CPU.Build.0 = Debug|Any CPU
		{BB595638-2B85-4FEE-966A-918BA35F666D}.Release|Any CPU.ActiveCfg = Release|Any CPU
		{BB595638-2B85-4FEE-966A-918BA35F666D}.Release|Any CPU.Build.0 = Release|Any CPU
		{80289223-21F1-4A75-A425-1B321C94F2E8}.Debug|Any CPU.ActiveCfg = Debug|Any CPU
		{80289223-21F1-4A75-A425-1B321C94F2E8}.Debug|Any CPU.Build.0 = Debug|Any CPU
		{80289223-21F1-4A75-A425-1B321C94F2E8}.Release|Any CPU.ActiveCfg = Release|Any CPU
		{80289223-21F1-4A75-A425-1B321C94F2E8}.Release|Any CPU.Build.0 = Release|Any CPU
		{153A971C-AD91-4871-B345-AAEB0326A666}.Debug|Any CPU.ActiveCfg = Debug|Any CPU
		{153A971C-AD91-4871-B345-AAEB0326A666}.Debug|Any CPU.Build.0 = Debug|Any CPU
		{153A971C-AD91-4871-B345-AAEB0326A666}.Release|Any CPU.ActiveCfg = Release|Any CPU
		{153A971C-AD91-4871-B345-AAEB0326A666}.Release|Any CPU.Build.0 = Release|Any CPU
	EndGlobalSection
	GlobalSection(SolutionProperties) = preSolution
		HideSolutionNode = FALSE
	EndGlobalSection
	GlobalSection(ExtensibilityGlobals) = postSolution
		SolutionGuid = {BDEC73C9-F92E-44C4-A700-30805E4D9903}
	EndGlobalSection
EndGlobal
